// !$*UTF8*$!
{
	archiveVersion = 1;
	classes = {
	};
	objectVersion = 46;
	objects = {

/* Begin PBXBuildFile section */
		180650D51AD97B6200407E81 /* db3.jpg in Resources */ = {isa = PBXBuildFile; fileRef = 180650D41AD97B6200407E81 /* db3.jpg */; };
		183BE58C1AD5767C00408855 /* main.m in Sources */ = {isa = PBXBuildFile; fileRef = 183BE58B1AD5767C00408855 /* main.m */; };
		183BE58F1AD5767C00408855 /* AppDelegate.m in Sources */ = {isa = PBXBuildFile; fileRef = 183BE58E1AD5767C00408855 /* AppDelegate.m */; };
		183BE5921AD5767C00408855 /* RecipeViewController.m in Sources */ = {isa = PBXBuildFile; fileRef = 183BE5911AD5767C00408855 /* RecipeViewController.m */; };
		183BE5951AD5767C00408855 /* TaboosViewController.m in Sources */ = {isa = PBXBuildFile; fileRef = 183BE5941AD5767C00408855 /* TaboosViewController.m */; };
		183BE5981AD5767C00408855 /* Main.storyboard in Resources */ = {isa = PBXBuildFile; fileRef = 183BE5961AD5767C00408855 /* Main.storyboard */; };
		183BE59A1AD5767C00408855 /* Images.xcassets in Resources */ = {isa = PBXBuildFile; fileRef = 183BE5991AD5767C00408855 /* Images.xcassets */; };
		183BE59D1AD5767C00408855 /* LaunchScreen.xib in Resources */ = {isa = PBXBuildFile; fileRef = 183BE59B1AD5767C00408855 /* LaunchScreen.xib */; };
		183BE5A91AD5767C00408855 /* RecipeTests.m in Sources */ = {isa = PBXBuildFile; fileRef = 183BE5A81AD5767C00408855 /* RecipeTests.m */; };
		18DA966E1ADC13DF00E7B376 /* RecipeDetailViewController.m in Sources */ = {isa = PBXBuildFile; fileRef = 18DA966D1ADC13DF00E7B376 /* RecipeDetailViewController.m */; };
		2E56C5EBE66A91668181FA27 /* libPods.a in Frameworks */ = {isa = PBXBuildFile; fileRef = 81504D25F3DC251C477D7F6B /* libPods.a */; };
/* End PBXBuildFile section */

/* Begin PBXContainerItemProxy section */
		183BE5A31AD5767C00408855 /* PBXContainerItemProxy */ = {
			isa = PBXContainerItemProxy;
			containerPortal = 183BE57E1AD5767C00408855 /* Project object */;
			proxyType = 1;
			remoteGlobalIDString = 183BE5851AD5767C00408855;
			remoteInfo = Recipe;
		};
/* End PBXContainerItemProxy section */

/* Begin PBXFileReference section */
		180650D41AD97B6200407E81 /* db3.jpg */ = {isa = PBXFileReference; lastKnownFileType = image.jpeg; name = db3.jpg; path = "../../../../Pictures/recipe/recipe-list/db3.jpg"; sourceTree = "<group>"; };
		183BE5861AD5767C00408855 /* Recipe.app */ = {isa = PBXFileReference; explicitFileType = wrapper.application; includeInIndex = 0; path = Recipe.app; sourceTree = BUILT_PRODUCTS_DIR; };
		183BE58A1AD5767C00408855 /* Info.plist */ = {isa = PBXFileReference; lastKnownFileType = text.plist.xml; path = Info.plist; sourceTree = "<group>"; };
		183BE58B1AD5767C00408855 /* main.m */ = {isa = PBXFileReference; lastKnownFileType = sourcecode.c.objc; path = main.m; sourceTree = "<group>"; };
		183BE58D1AD5767C00408855 /* AppDelegate.h */ = {isa = PBXFileReference; lastKnownFileType = sourcecode.c.h; path = AppDelegate.h; sourceTree = "<group>"; };
		183BE58E1AD5767C00408855 /* AppDelegate.m */ = {isa = PBXFileReference; lastKnownFileType = sourcecode.c.objc; path = AppDelegate.m; sourceTree = "<group>"; };
		183BE5901AD5767C00408855 /* RecipeViewController.h */ = {isa = PBXFileReference; lastKnownFileType = sourcecode.c.h; path = RecipeViewController.h; sourceTree = "<group>"; };
		183BE5911AD5767C00408855 /* RecipeViewController.m */ = {isa = PBXFileReference; lastKnownFileType = sourcecode.c.objc; path = RecipeViewController.m; sourceTree = "<group>"; };
		183BE5931AD5767C00408855 /* TaboosViewController.h */ = {isa = PBXFileReference; lastKnownFileType = sourcecode.c.h; path = TaboosViewController.h; sourceTree = "<group>"; };
		183BE5941AD5767C00408855 /* TaboosViewController.m */ = {isa = PBXFileReference; lastKnownFileType = sourcecode.c.objc; path = TaboosViewController.m; sourceTree = "<group>"; };
		183BE5971AD5767C00408855 /* Base */ = {isa = PBXFileReference; lastKnownFileType = file.storyboard; name = Base; path = Base.lproj/Main.storyboard; sourceTree = "<group>"; };
		183BE5991AD5767C00408855 /* Images.xcassets */ = {isa = PBXFileReference; lastKnownFileType = folder.assetcatalog; path = Images.xcassets; sourceTree = "<group>"; };
		183BE59C1AD5767C00408855 /* Base */ = {isa = PBXFileReference; lastKnownFileType = file.xib; name = Base; path = Base.lproj/LaunchScreen.xib; sourceTree = "<group>"; };
		183BE5A21AD5767C00408855 /* RecipeTests.xctest */ = {isa = PBXFileReference; explicitFileType = wrapper.cfbundle; includeInIndex = 0; path = RecipeTests.xctest; sourceTree = BUILT_PRODUCTS_DIR; };
		183BE5A71AD5767C00408855 /* Info.plist */ = {isa = PBXFileReference; lastKnownFileType = text.plist.xml; path = Info.plist; sourceTree = "<group>"; };
		183BE5A81AD5767C00408855 /* RecipeTests.m */ = {isa = PBXFileReference; lastKnownFileType = sourcecode.c.objc; path = RecipeTests.m; sourceTree = "<group>"; };
		18DA966C1ADC13DF00E7B376 /* RecipeDetailViewController.h */ = {isa = PBXFileReference; fileEncoding = 4; lastKnownFileType = sourcecode.c.h; path = RecipeDetailViewController.h; sourceTree = "<group>"; };
		18DA966D1ADC13DF00E7B376 /* RecipeDetailViewController.m */ = {isa = PBXFileReference; fileEncoding = 4; lastKnownFileType = sourcecode.c.objc; path = RecipeDetailViewController.m; sourceTree = "<group>"; };
		7C31527E276F153860F96F84 /* Pods.debug.xcconfig */ = {isa = PBXFileReference; includeInIndex = 1; lastKnownFileType = text.xcconfig; name = Pods.debug.xcconfig; path = "Pods/Target Support Files/Pods/Pods.debug.xcconfig"; sourceTree = "<group>"; };
		81504D25F3DC251C477D7F6B /* libPods.a */ = {isa = PBXFileReference; explicitFileType = archive.ar; includeInIndex = 0; path = libPods.a; sourceTree = BUILT_PRODUCTS_DIR; };
		D9AB95F28A2E804174105247 /* Pods.release.xcconfig */ = {isa = PBXFileReference; includeInIndex = 1; lastKnownFileType = text.xcconfig; name = Pods.release.xcconfig; path = "Pods/Target Support Files/Pods/Pods.release.xcconfig"; sourceTree = "<group>"; };
/* End PBXFileReference section */

/* Begin PBXFrameworksBuildPhase section */
		183BE5831AD5767C00408855 /* Frameworks */ = {
			isa = PBXFrameworksBuildPhase;
			buildActionMask = 2147483647;
			files = (
				2E56C5EBE66A91668181FA27 /* libPods.a in Frameworks */,
			);
			runOnlyForDeploymentPostprocessing = 0;
		};
		183BE59F1AD5767C00408855 /* Frameworks */ = {
			isa = PBXFrameworksBuildPhase;
			buildActionMask = 2147483647;
			files = (
			);
			runOnlyForDeploymentPostprocessing = 0;
		};
/* End PBXFrameworksBuildPhase section */

/* Begin PBXGroup section */
		0A1A8B7D00F95C8C43A245AB /* Frameworks */ = {
			isa = PBXGroup;
			children = (
				81504D25F3DC251C477D7F6B /* libPods.a */,
			);
			name = Frameworks;
			sourceTree = "<group>";
		};
		183BE57D1AD5767C00408855 = {
			isa = PBXGroup;
			children = (
				183BE5881AD5767C00408855 /* Recipe */,
				183BE5A51AD5767C00408855 /* RecipeTests */,
				183BE5871AD5767C00408855 /* Products */,
				9D9432D49D1789277E8DFB0F /* Pods */,
				0A1A8B7D00F95C8C43A245AB /* Frameworks */,
			);
			sourceTree = "<group>";
		};
		183BE5871AD5767C00408855 /* Products */ = {
			isa = PBXGroup;
			children = (
				183BE5861AD5767C00408855 /* Recipe.app */,
				183BE5A21AD5767C00408855 /* RecipeTests.xctest */,
			);
			name = Products;
			sourceTree = "<group>";
		};
		183BE5881AD5767C00408855 /* Recipe */ = {
			isa = PBXGroup;
			children = (
				183BE58D1AD5767C00408855 /* AppDelegate.h */,
				183BE58E1AD5767C00408855 /* AppDelegate.m */,
				183BE5901AD5767C00408855 /* RecipeViewController.h */,
				183BE5911AD5767C00408855 /* RecipeViewController.m */,
				18DA966C1ADC13DF00E7B376 /* RecipeDetailViewController.h */,
				18DA966D1ADC13DF00E7B376 /* RecipeDetailViewController.m */,
				183BE5931AD5767C00408855 /* TaboosViewController.h */,
				183BE5941AD5767C00408855 /* TaboosViewController.m */,
				183BE5961AD5767C00408855 /* Main.storyboard */,
				183BE5991AD5767C00408855 /* Images.xcassets */,
				183BE59B1AD5767C00408855 /* LaunchScreen.xib */,
				183BE5891AD5767C00408855 /* Supporting Files */,
			);
			path = Recipe;
			sourceTree = "<group>";
		};
		183BE5891AD5767C00408855 /* Supporting Files */ = {
			isa = PBXGroup;
			children = (
				180650D41AD97B6200407E81 /* db3.jpg */,
				183BE58A1AD5767C00408855 /* Info.plist */,
				183BE58B1AD5767C00408855 /* main.m */,
			);
			name = "Supporting Files";
			sourceTree = "<group>";
		};
		183BE5A51AD5767C00408855 /* RecipeTests */ = {
			isa = PBXGroup;
			children = (
				183BE5A81AD5767C00408855 /* RecipeTests.m */,
				183BE5A61AD5767C00408855 /* Supporting Files */,
			);
			path = RecipeTests;
			sourceTree = "<group>";
		};
		183BE5A61AD5767C00408855 /* Supporting Files */ = {
			isa = PBXGroup;
			children = (
				183BE5A71AD5767C00408855 /* Info.plist */,
			);
			name = "Supporting Files";
			sourceTree = "<group>";
		};
		9D9432D49D1789277E8DFB0F /* Pods */ = {
			isa = PBXGroup;
			children = (
				7C31527E276F153860F96F84 /* Pods.debug.xcconfig */,
				D9AB95F28A2E804174105247 /* Pods.release.xcconfig */,
			);
			name = Pods;
			sourceTree = "<group>";
		};
/* End PBXGroup section */

/* Begin PBXNativeTarget section */
		183BE5851AD5767C00408855 /* Recipe */ = {
			isa = PBXNativeTarget;
			buildConfigurationList = 183BE5AC1AD5767C00408855 /* Build configuration list for PBXNativeTarget "Recipe" */;
			buildPhases = (
				7591ED8C2B30A0A083FDDF51 /* Check Pods Manifest.lock */,
				183BE5821AD5767C00408855 /* Sources */,
				183BE5831AD5767C00408855 /* Frameworks */,
				183BE5841AD5767C00408855 /* Resources */,
				8E2EBA323E7CCDE554021CE8 /* Copy Pods Resources */,
			);
			buildRules = (
			);
			dependencies = (
			);
			name = Recipe;
			productName = Recipe;
			productReference = 183BE5861AD5767C00408855 /* Recipe.app */;
			productType = "com.apple.product-type.application";
		};
		183BE5A11AD5767C00408855 /* RecipeTests */ = {
			isa = PBXNativeTarget;
			buildConfigurationList = 183BE5AF1AD5767C00408855 /* Build configuration list for PBXNativeTarget "RecipeTests" */;
			buildPhases = (
				183BE59E1AD5767C00408855 /* Sources */,
				183BE59F1AD5767C00408855 /* Frameworks */,
				183BE5A01AD5767C00408855 /* Resources */,
			);
			buildRules = (
			);
			dependencies = (
				183BE5A41AD5767C00408855 /* PBXTargetDependency */,
			);
			name = RecipeTests;
			productName = RecipeTests;
			productReference = 183BE5A21AD5767C00408855 /* RecipeTests.xctest */;
			productType = "com.apple.product-type.bundle.unit-test";
		};
/* End PBXNativeTarget section */

/* Begin PBXProject section */
		183BE57E1AD5767C00408855 /* Project object */ = {
			isa = PBXProject;
			attributes = {
				LastUpgradeCheck = 0620;
				ORGANIZATIONNAME = zhaoyou;
				TargetAttributes = {
					183BE5851AD5767C00408855 = {
						CreatedOnToolsVersion = 6.2;
					};
					183BE5A11AD5767C00408855 = {
						CreatedOnToolsVersion = 6.2;
						TestTargetID = 183BE5851AD5767C00408855;
					};
				};
			};
			buildConfigurationList = 183BE5811AD5767C00408855 /* Build configuration list for PBXProject "Recipe" */;
			compatibilityVersion = "Xcode 3.2";
			developmentRegion = English;
			hasScannedForEncodings = 0;
			knownRegions = (
				en,
				Base,
			);
			mainGroup = 183BE57D1AD5767C00408855;
			productRefGroup = 183BE5871AD5767C00408855 /* Products */;
			projectDirPath = "";
			projectRoot = "";
			targets = (
				183BE5851AD5767C00408855 /* Recipe */,
				183BE5A11AD5767C00408855 /* RecipeTests */,
			);
		};
/* End PBXProject section */

/* Begin PBXResourcesBuildPhase section */
		183BE5841AD5767C00408855 /* Resources */ = {
			isa = PBXResourcesBuildPhase;
			buildActionMask = 2147483647;
			files = (
				183BE5981AD5767C00408855 /* Main.storyboard in Resources */,
				183BE59D1AD5767C00408855 /* LaunchScreen.xib in Resources */,
				183BE59A1AD5767C00408855 /* Images.xcassets in Resources */,
				180650D51AD97B6200407E81 /* db3.jpg in Resources */,
			);
			runOnlyForDeploymentPostprocessing = 0;
		};
		183BE5A01AD5767C00408855 /* Resources */ = {
			isa = PBXResourcesBuildPhase;
			buildActionMask = 2147483647;
			files = (
			);
			runOnlyForDeploymentPostprocessing = 0;
		};
/* End PBXResourcesBuildPhase section */

/* Begin PBXShellScriptBuildPhase section */
		7591ED8C2B30A0A083FDDF51 /* Check Pods Manifest.lock */ = {
			isa = PBXShellScriptBuildPhase;
			buildActionMask = 2147483647;
			files = (
			);
			inputPaths = (
			);
			name = "Check Pods Manifest.lock";
			outputPaths = (
			);
			runOnlyForDeploymentPostprocessing = 0;
			shellPath = /bin/sh;
			shellScript = "diff \"${PODS_ROOT}/../Podfile.lock\" \"${PODS_ROOT}/Manifest.lock\" > /dev/null\nif [[ $? != 0 ]] ; then\n    cat << EOM\nerror: The sandbox is not in sync with the Podfile.lock. Run 'pod install' or update your CocoaPods installation.\nEOM\n    exit 1\nfi\n";
			showEnvVarsInLog = 0;
		};
		8E2EBA323E7CCDE554021CE8 /* Copy Pods Resources */ = {
			isa = PBXShellScriptBuildPhase;
			buildActionMask = 2147483647;
			files = (
			);
			inputPaths = (
			);
			name = "Copy Pods Resources";
			outputPaths = (
			);
			runOnlyForDeploymentPostprocessing = 0;
			shellPath = /bin/sh;
			shellScript = "\"${SRCROOT}/Pods/Target Support Files/Pods/Pods-resources.sh\"\n";
			showEnvVarsInLog = 0;
		};
/* End PBXShellScriptBuildPhase section */

/* Begin PBXSourcesBuildPhase section */
		183BE5821AD5767C00408855 /* Sources */ = {
			isa = PBXSourcesBuildPhase;
			buildActionMask = 2147483647;
			files = (
				183BE5951AD5767C00408855 /* TaboosViewController.m in Sources */,
				183BE58F1AD5767C00408855 /* AppDelegate.m in Sources */,
				183BE5921AD5767C00408855 /* RecipeViewController.m in Sources */,
				18DA966E1ADC13DF00E7B376 /* RecipeDetailViewController.m in Sources */,
				183BE58C1AD5767C00408855 /* main.m in Sources */,
			);
			runOnlyForDeploymentPostprocessing = 0;
		};
		183BE59E1AD5767C00408855 /* Sources */ = {
			isa = PBXSourcesBuildPhase;
			buildActionMask = 2147483647;
			files = (
				183BE5A91AD5767C00408855 /* RecipeTests.m in Sources */,
			);
			runOnlyForDeploymentPostprocessing = 0;
		};
/* End PBXSourcesBuildPhase section */

/* Begin PBXTargetDependency section */
		183BE5A41AD5767C00408855 /* PBXTargetDependency */ = {
			isa = PBXTargetDependency;
			target = 183BE5851AD5767C00408855 /* Recipe */;
			targetProxy = 183BE5A31AD5767C00408855 /* PBXContainerItemProxy */;
		};
/* End PBXTargetDependency section */

/* Begin PBXVariantGroup section */
		183BE5961AD5767C00408855 /* Main.storyboard */ = {
			isa = PBXVariantGroup;
			children = (
				183BE5971AD5767C00408855 /* Base */,
			);
			name = Main.storyboard;
			sourceTree = "<group>";
		};
		183BE59B1AD5767C00408855 /* LaunchScreen.xib */ = {
			isa = PBXVariantGroup;
			children = (
				183BE59C1AD5767C00408855 /* Base */,
			);
			name = LaunchScreen.xib;
			sourceTree = "<group>";
		};
/* End PBXVariantGroup section */

/* Begin XCBuildConfiguration section */
		183BE5AA1AD5767C00408855 /* Debug */ = {
			isa = XCBuildConfiguration;
			buildSettings = {
				ALWAYS_SEARCH_USER_PATHS = NO;
				CLANG_CXX_LANGUAGE_STANDARD = "gnu++0x";
				CLANG_CXX_LIBRARY = "libc++";
				CLANG_ENABLE_MODULES = YES;
				CLANG_ENABLE_OBJC_ARC = YES;
				CLANG_WARN_BOOL_CONVERSION = YES;
				CLANG_WARN_CONSTANT_CONVERSION = YES;
				CLANG_WARN_DIRECT_OBJC_ISA_USAGE = YES_ERROR;
				CLANG_WARN_EMPTY_BODY = YES;
				CLANG_WARN_ENUM_CONVERSION = YES;
				CLANG_WARN_INT_CONVERSION = YES;
				CLANG_WARN_OBJC_ROOT_CLASS = YES_ERROR;
				CLANG_WARN_UNREACHABLE_CODE = YES;
				CLANG_WARN__DUPLICATE_METHOD_MATCH = YES;
				"CODE_SIGN_IDENTITY[sdk=iphoneos*]" = "iPhone Developer";
				COPY_PHASE_STRIP = NO;
				ENABLE_STRICT_OBJC_MSGSEND = YES;
				GCC_C_LANGUAGE_STANDARD = gnu99;
				GCC_DYNAMIC_NO_PIC = NO;
				GCC_OPTIMIZATION_LEVEL = 0;
				GCC_PREPROCESSOR_DEFINITIONS = (
					"DEBUG=1",
					"$(inherited)",
				);
				GCC_SYMBOLS_PRIVATE_EXTERN = NO;
				GCC_WARN_64_TO_32_BIT_CONVERSION = YES;
				GCC_WARN_ABOUT_RETURN_TYPE = YES_ERROR;
				GCC_WARN_UNDECLARED_SELECTOR = YES;
				GCC_WARN_UNINITIALIZED_AUTOS = YES_AGGRESSIVE;
				GCC_WARN_UNUSED_FUNCTION = YES;
				GCC_WARN_UNUSED_VARIABLE = YES;
				IPHONEOS_DEPLOYMENT_TARGET = 8.2;
				MTL_ENABLE_DEBUG_INFO = YES;
				ONLY_ACTIVE_ARCH = YES;
				SDKROOT = iphoneos;
			};
			name = Debug;
		};
		183BE5AB1AD5767C00408855 /* Release */ = {
			isa = XCBuildConfiguration;
			buildSettings = {
				ALWAYS_SEARCH_USER_PATHS = NO;
				CLANG_CXX_LANGUAGE_STANDARD = "gnu++0x";
				CLANG_CXX_LIBRARY = "libc++";
				CLANG_ENABLE_MODULES = YES;
				CLANG_ENABLE_OBJC_ARC = YES;
				CLANG_WARN_BOOL_CONVERSION = YES;
				CLANG_WARN_CONSTANT_CONVERSION = YES;
				CLANG_WARN_DIRECT_OBJC_ISA_USAGE = YES_ERROR;
				CLANG_WARN_EMPTY_BODY = YES;
				CLANG_WARN_ENUM_CONVERSION = YES;
				CLANG_WARN_INT_CONVERSION = YES;
				CLANG_WARN_OBJC_ROOT_CLASS = YES_ERROR;
				CLANG_WARN_UNREACHABLE_CODE = YES;
				CLANG_WARN__DUPLICATE_METHOD_MATCH = YES;
				"CODE_SIGN_IDENTITY[sdk=iphoneos*]" = "iPhone Developer";
				COPY_PHASE_STRIP = NO;
				ENABLE_NS_ASSERTIONS = NO;
				ENABLE_STRICT_OBJC_MSGSEND = YES;
				GCC_C_LANGUAGE_STANDARD = gnu99;
				GCC_WARN_64_TO_32_BIT_CONVERSION = YES;
				GCC_WARN_ABOUT_RETURN_TYPE = YES_ERROR;
				GCC_WARN_UNDECLARED_SELECTOR = YES;
				GCC_WARN_UNINITIALIZED_AUTOS = YES_AGGRESSIVE;
				GCC_WARN_UNUSED_FUNCTION = YES;
				GCC_WARN_UNUSED_VARIABLE = YES;
				IPHONEOS_DEPLOYMENT_TARGET = 8.2;
				MTL_ENABLE_DEBUG_INFO = NO;
				SDKROOT = iphoneos;
				VALIDATE_PRODUCT = YES;
			};
			name = Release;
		};
		183BE5AD1AD5767C00408855 /* Debug */ = {
			isa = XCBuildConfiguration;
			baseConfigurationReference = 7C31527E276F153860F96F84 /* Pods.debug.xcconfig */;
			buildSettings = {
				ASSETCATALOG_COMPILER_APPICON_NAME = AppIcon;
				INFOPLIST_FILE = Recipe/Info.plist;
				LD_RUNPATH_SEARCH_PATHS = "$(inherited) @executable_path/Frameworks";
				PRODUCT_NAME = "$(TARGET_NAME)";
			};
			name = Debug;
		};
		183BE5AE1AD5767C00408855 /* Release */ = {
			isa = XCBuildConfiguration;
			baseConfigurationReference = D9AB95F28A2E804174105247 /* Pods.release.xcconfig */;
			buildSettings = {
				ASSETCATALOG_COMPILER_APPICON_NAME = AppIcon;
				INFOPLIST_FILE = Recipe/Info.plist;
				LD_RUNPATH_SEARCH_PATHS = "$(inherited) @executable_path/Frameworks";
				PRODUCT_NAME = "$(TARGET_NAME)";
			};
			name = Release;
		};
		183BE5B01AD5767C00408855 /* Debug */ = {
			isa = XCBuildConfiguration;
			buildSettings = {
				BUNDLE_LOADER = "$(TEST_HOST)";
				FRAMEWORK_SEARCH_PATHS = (
					"$(SDKROOT)/Developer/Library/Frameworks",
					"$(inherited)",
				);
				GCC_PREPROCESSOR_DEFINITIONS = (
					"DEBUG=1",
					"$(inherited)",
				);
				INFOPLIST_FILE = RecipeTests/Info.plist;
				LD_RUNPATH_SEARCH_PATHS = "$(inherited) @executable_path/Frameworks @loader_path/Frameworks";
				PRODUCT_NAME = "$(TARGET_NAME)";
				TEST_HOST = "$(BUILT_PRODUCTS_DIR)/Recipe.app/Recipe";
			};
			name = Debug;
		};
		183BE5B11AD5767C00408855 /* Release */ = {
			isa = XCBuildConfiguration;
			buildSettings = {
				BUNDLE_LOADER = "$(TEST_HOST)";
				FRAMEWORK_SEARCH_PATHS = (
					"$(SDKROOT)/Developer/Library/Frameworks",
					"$(inherited)",
				);
				INFOPLIST_FILE = RecipeTests/Info.plist;
				LD_RUNPATH_SEARCH_PATHS = "$(inherited) @executable_path/Frameworks @loader_path/Frameworks";
				PRODUCT_NAME = "$(TARGET_NAME)";
				TEST_HOST = "$(BUILT_PRODUCTS_DIR)/Recipe.app/Recipe";
			};
			name = Release;
		};
/* End XCBuildConfiguration section */

/* Begin XCConfigurationList section */
		183BE5811AD5767C00408855 /* Build configuration list for PBXProject "Recipe" */ = {
			isa = XCConfigurationList;
			buildConfigurations = (
				183BE5AA1AD5767C00408855 /* Debug */,
				183BE5AB1AD5767C00408855 /* Release */,
			);
			defaultConfigurationIsVisible = 0;
			defaultConfigurationName = Release;
		};
		183BE5AC1AD5767C00408855 /* Build configuration list for PBXNativeTarget "Recipe" */ = {
			isa = XCConfigurationList;
			buildConfigurations = (
				183BE5AD1AD5767C00408855 /* Debug */,
				183BE5AE1AD5767C00408855 /* Release */,
			);
			defaultConfigurationIsVisible = 0;
			defaultConfigurationName = Release;
		};
		183BE5AF1AD5767C00408855 /* Build configuration list for PBXNativeTarget "RecipeTests" */ = {
			isa = XCConfigurationList;
			buildConfigurations = (
				183BE5B01AD5767C00408855 /* Debug */,
				183BE5B11AD5767C00408855 /* Release */,
			);
			defaultConfigurationIsVisible = 0;
			defaultConfigurationName = Release;
		};
/* End XCConfigurationList section */
	};
	rootObject = 183BE57E1AD5767C00408855 /* Project object */;
}
